
Microsoft Visual Studio Solution File, Format Version 12.00
# Visual Studio Version 16
VisualStudioVersion = 16.0.30503.244
MinimumVisualStudioVersion = 10.0.40219.1
Project("{F184B08F-C81C-45F6-A57F-5ABD9991F28F}") = "ToDoApplication", "ToDoApplication\ToDoApplication.vbproj", "{6AC78C89-B103-46C8-B014-D555152EBB2D}"
EndProject
Global
	GlobalSection(SolutionConfigurationPlatforms) = preSolution
		Debug|Any CPU = Debug|Any CPU
		Release|Any CPU = Release|Any CPU
	EndGlobalSection
	GlobalSection(ProjectConfigurationPlatforms) = postSolution
		{6AC78C89-B103-46C8-B014-D555152EBB2D}.Debug|Any CPU.ActiveCfg = Debug|Any CPU
		{6AC78C89-B103-46C8-B014-D555152EBB2D}.Debug|Any CPU.Build.0 = Debug|Any CPU
		{6AC78C89-B103-46C8-B014-D555152EBB2D}.Release|Any CPU.ActiveCfg = Release|Any CPU
		{6AC78C89-B103-46C8-B014-D555152EBB2D}.Release|Any CPU.Build.0 = Release|Any CPU
	EndGlobalSection
	GlobalSection(SolutionProperties) = preSolution
		HideSolutionNode = FALSE
	EndGlobalSection
	GlobalSection(ExtensibilityGlobals) = postSolution
		SolutionGuid = {DD6DB181-062A-453E-BF0B-EF3377EF6059}
	EndGlobalSection
EndGlobal
